
Microsoft Visual Studio Solution File, Format Version 12.00
# Visual Studio Version 17
VisualStudioVersion = 17.2.32516.85
MinimumVisualStudioVersion = 10.0.40219.1
Project("{9A19103F-16F7-4668-BE54-9A1E7A4F7556}") = "RazorWeb", "RazorWeb\RazorWeb.csproj", "{7FF570FE-6F0D-4462-8807-3DBADB8CA63C}"
EndProject
Global
	GlobalSection(SolutionConfigurationPlatforms) = preSolution
		Debug|Any CPU = Debug|Any CPU
		Release|Any CPU = Release|Any CPU
	EndGlobalSection
	GlobalSection(ProjectConfigurationPlatforms) = postSolution
		{7FF570FE-6F0D-4462-8807-3DBADB8CA63C}.Debug|Any CPU.ActiveCfg = Debug|Any CPU
		{7FF570FE-6F0D-4462-8807-3DBADB8CA63C}.Debug|Any CPU.Build.0 = Debug|Any CPU
		{7FF570FE-6F0D-4462-8807-3DBADB8CA63C}.Release|Any CPU.ActiveCfg = Release|Any CPU
		{7FF570FE-6F0D-4462-8807-3DBADB8CA63C}.Release|Any CPU.Build.0 = Release|Any CPU
	EndGlobalSection
	GlobalSection(SolutionProperties) = preSolution
		HideSolutionNode = FALSE
	EndGlobalSection
	GlobalSection(ExtensibilityGlobals) = postSolution
		SolutionGuid = {7EE19B00-4613-4E0F-807D-B531265BD1B0}
	EndGlobalSection
EndGlobal
